
Microsoft Visual Studio Solution File, Format Version 12.00
# Visual Studio Version 17
VisualStudioVersion = 17.8.34322.80
MinimumVisualStudioVersion = 10.0.40219.1
Project("{9A19103F-16F7-4668-BE54-9A1E7A4F7556}") = "ToDo.Api", "ToDo.Api\ToDo.Api.csproj", "{AC867F5D-FE43-42BD-999B-7AB9679BE36A}"
EndProject
Project("{FAE04EC0-301F-11D3-BF4B-00C04F79EFBC}") = "ToDo.Core", "ToDo.Core\ToDo.Core.csproj", "{6B680D9F-F72A-4173-919F-A0D1F6AAE01D}"
EndProject
Project("{FAE04EC0-301F-11D3-BF4B-00C04F79EFBC}") = "ToDo.Application", "ToDo.Application\ToDo.Application.csproj", "{400299ED-CACE-41C1-BD3E-F53221C50118}"
EndProject
Project("{FAE04EC0-301F-11D3-BF4B-00C04F79EFBC}") = "ToDo.Infrastructure", "ToDo.Infrastructure\ToDo.Infrastructure.csproj", "{62494141-E0B9-4FE8-99B1-FCF0BD779F12}"
EndProject
Global
	GlobalSection(SolutionConfigurationPlatforms) = preSolution
		Debug|Any CPU = Debug|Any CPU
		Release|Any CPU = Release|Any CPU
	EndGlobalSection
	GlobalSection(ProjectConfigurationPlatforms) = postSolution
		{AC867F5D-FE43-42BD-999B-7AB9679BE36A}.Debug|Any CPU.ActiveCfg = Debug|Any CPU
		{AC867F5D-FE43-42BD-999B-7AB9679BE36A}.Debug|Any CPU.Build.0 = Debug|Any CPU
		{AC867F5D-FE43-42BD-999B-7AB9679BE36A}.Release|Any CPU.ActiveCfg = Release|Any CPU
		{AC867F5D-FE43-42BD-999B-7AB9679BE36A}.Release|Any CPU.Build.0 = Release|Any CPU
		{6B680D9F-F72A-4173-919F-A0D1F6AAE01D}.Debug|Any CPU.ActiveCfg = Debug|Any CPU
		{6B680D9F-F72A-4173-919F-A0D1F6AAE01D}.Debug|Any CPU.Build.0 = Debug|Any CPU
		{6B680D9F-F72A-4173-919F-A0D1F6AAE01D}.Release|Any CPU.ActiveCfg = Release|Any CPU
		{6B680D9F-F72A-4173-919F-A0D1F6AAE01D}.Release|Any CPU.Build.0 = Release|Any CPU
		{400299ED-CACE-41C1-BD3E-F53221C50118}.Debug|Any CPU.ActiveCfg = Debug|Any CPU
		{400299ED-CACE-41C1-BD3E-F53221C50118}.Debug|Any CPU.Build.0 = Debug|Any CPU
		{400299ED-CACE-41C1-BD3E-F53221C50118}.Release|Any CPU.ActiveCfg = Release|Any CPU
		{400299ED-CACE-41C1-BD3E-F53221C50118}.Release|Any CPU.Build.0 = Release|Any CPU
		{62494141-E0B9-4FE8-99B1-FCF0BD779F12}.Debug|Any CPU.ActiveCfg = Debug|Any CPU
		{62494141-E0B9-4FE8-99B1-FCF0BD779F12}.Debug|Any CPU.Build.0 = Debug|Any CPU
		{62494141-E0B9-4FE8-99B1-FCF0BD779F12}.Release|Any CPU.ActiveCfg = Release|Any CPU
		{62494141-E0B9-4FE8-99B1-FCF0BD779F12}.Release|Any CPU.Build.0 = Release|Any CPU
	EndGlobalSection
	GlobalSection(SolutionProperties) = preSolution
		HideSolutionNode = FALSE
	EndGlobalSection
	GlobalSection(ExtensibilityGlobals) = postSolution
		SolutionGuid = {3B748D5F-F323-4C7A-9E15-63BF10C9EC67}
	EndGlobalSection
EndGlobal
